
Microsoft Visual Studio Solution File, Format Version 12.00
# Visual Studio Version 17
VisualStudioVersion = 17.13.35919.96
MinimumVisualStudioVersion = 10.0.40219.1
Project("{FAE04EC0-301F-11D3-BF4B-00C04F79EFBC}") = "BPlusTreeStuff", "TreeWeb\BPlusTreeStuff.csproj", "{F511A122-5E56-AEB5-C2A6-A3F50645E24C}"
EndProject
Project("{FAE04EC0-301F-11D3-BF4B-00C04F79EFBC}") = "TreeLibrary", "TreeLibrary\TreeLibrary.csproj", "{15F5BE39-B782-5F84-066F-9B9673B709E6}"
EndProject
Project("{FAE04EC0-301F-11D3-BF4B-00C04F79EFBC}") = "Tree.Tests", "Tree.Tests\Tree.Tests.csproj", "{9FE18403-86E9-7B36-300B-B0AF4170F6DD}"
EndProject
Global
	GlobalSection(SolutionConfigurationPlatforms) = preSolution
		Debug|Any CPU = Debug|Any CPU
		Release|Any CPU = Release|Any CPU
	EndGlobalSection
	GlobalSection(ProjectConfigurationPlatforms) = postSolution
		{F511A122-5E56-AEB5-C2A6-A3F50645E24C}.Debug|Any CPU.ActiveCfg = Debug|Any CPU
		{F511A122-5E56-AEB5-C2A6-A3F50645E24C}.Debug|Any CPU.Build.0 = Debug|Any CPU
		{F511A122-5E56-AEB5-C2A6-A3F50645E24C}.Release|Any CPU.ActiveCfg = Release|Any CPU
		{F511A122-5E56-AEB5-C2A6-A3F50645E24C}.Release|Any CPU.Build.0 = Release|Any CPU
		{15F5BE39-B782-5F84-066F-9B9673B709E6}.Debug|Any CPU.ActiveCfg = Debug|Any CPU
		{15F5BE39-B782-5F84-066F-9B9673B709E6}.Debug|Any CPU.Build.0 = Debug|Any CPU
		{15F5BE39-B782-5F84-066F-9B9673B709E6}.Release|Any CPU.ActiveCfg = Release|Any CPU
		{15F5BE39-B782-5F84-066F-9B9673B709E6}.Release|Any CPU.Build.0 = Release|Any CPU
		{9FE18403-86E9-7B36-300B-B0AF4170F6DD}.Debug|Any CPU.ActiveCfg = Debug|Any CPU
		{9FE18403-86E9-7B36-300B-B0AF4170F6DD}.Debug|Any CPU.Build.0 = Debug|Any CPU
		{9FE18403-86E9-7B36-300B-B0AF4170F6DD}.Release|Any CPU.ActiveCfg = Release|Any CPU
		{9FE18403-86E9-7B36-300B-B0AF4170F6DD}.Release|Any CPU.Build.0 = Release|Any CPU
	EndGlobalSection
	GlobalSection(SolutionProperties) = preSolution
		HideSolutionNode = FALSE
	EndGlobalSection
	GlobalSection(ExtensibilityGlobals) = postSolution
		SolutionGuid = {4D87E703-CE2F-487A-83B6-0E7E32680F35}
	EndGlobalSection
EndGlobal
